{
  "version": 4,
  "terraform_version": "1.12.2",
  "serial": 1,
  "lineage": "40ded34c-739d-b13e-d80c-85887a2304fa",
  "outputs": {
    "another_dummy_file_content": {
      "value": "This is another dummy file with different content",
      "type": "string"
    },
    "another_dummy_file_path": {
      "value": "./another-dummy-file.txt",
      "type": "string"
    },
    "dummy_file_content": {
      "value": "This is a dummy file created by Terraform local-file provider",
      "type": "string"
    },
    "dummy_file_path": {
      "value": "./dummy-file.txt",
      "type": "string"
    }
  },
  "resources": [
    {
      "module": "module.another_dummy_file",
      "mode": "managed",
      "type": "local_file",
      "name": "file",
      "provider": "provider[\"registry.terraform.io/hashicorp/local\"]",
      "instances": [
        {
          "schema_version": 0,
          "attributes": {
            "content": "This is another dummy file with different content",
            "content_base64": null,
            "content_base64sha256": "NJJd1CtO35tj3oP8cPQShckbC5LcW+1KrVjS8EGaXyY=",
            "content_base64sha512": "g94O6ZnugyxgeLGB4nRVgBm+IhmPpQJUoSCj6YTSy7QR3m5NqoVbBIHDAIIqyZEEtnxDWp//Yb1duQS/Wr4i3Q==",
            "content_md5": "df0c98b767c9d3e89134a0574f4a9d13",
            "content_sha1": "1f7f79cdf02f5809d7c14fdc50e6ea8132331744",
            "content_sha256": "34925dd42b4edf9b63de83fc70f41285c91b0b92dc5bed4aad58d2f0419a5f26",
            "content_sha512": "83de0ee999ee832c6078b181e274558019be22198fa50254a120a3e984d2cbb411de6e4daa855b0481c300822ac99104b67c435a9fff61bd5db904bf5abe22dd",
            "directory_permission": "0777",
            "file_permission": "0777",
            "filename": "./another-dummy-file.txt",
            "id": "1f7f79cdf02f5809d7c14fdc50e6ea8132331744",
            "sensitive_content": null,
            "source": null
          },
          "sensitive_attributes": [
            [
              {
                "type": "get_attr",
                "value": "sensitive_content"
              }
            ]
          ],
          "identity_schema_version": 0
        }
      ]
    },
    {
      "module": "module.dummy_file",
      "mode": "managed",
      "type": "local_file",
      "name": "file",
      "provider": "provider[\"registry.terraform.io/hashicorp/local\"]",
      "instances": [
        {
          "schema_version": 0,
          "attributes": {
            "content": "This is a dummy file created by Terraform local-file provider",
            "content_base64": null,
            "content_base64sha256": "HZ/itRpIUhGBn2ZV2b2AkfSAj9k9DaJ/9xmGenHM6ks=",
            "content_base64sha512": "Tbxr/dEHZ/yJXCssqNMQJBP8gs6c92sthuGjRR39mnxcK23IlNHb9TM6+haoB05AMgatslaYBy5nLW0zJyjJxA==",
            "content_md5": "e113b350cbb72c1bf0f68668655e9d02",
            "content_sha1": "b46aa2fb5a2b437323f4a2ef9a4e4109384ed8cd",
            "content_sha256": "1d9fe2b51a485211819f6655d9bd8091f4808fd93d0da27ff719867a71ccea4b",
            "content_sha512": "4dbc6bfdd10767fc895c2b2ca8d3102413fc82ce9cf76b2d86e1a3451dfd9a7c5c2b6dc894d1dbf5333afa16a8074e403206adb25698072e672d6d332728c9c4",
            "directory_permission": "0777",
            "file_permission": "0777",
            "filename": "./dummy-file.txt",
            "id": "b46aa2fb5a2b437323f4a2ef9a4e4109384ed8cd",
            "sensitive_content": null,
            "source": null
          },
          "sensitive_attributes": [
            [
              {
                "type": "get_attr",
                "value": "sensitive_content"
              }
            ]
          ],
          "identity_schema_version": 0
        }
      ]
    }
  ],
  "check_results": null
}
